version = 1
revision = 5
requires-python = "==3.11.*"

[[package]]
name = "blacksmith"
version = "0.1.0"
source = { editable = "." }
dependencies = [
    { name = "pybind11" },
    { name = "pybind11-stubgen" },
    { name = "setuptools" },
]

[package.metadata]
requires-dist = [
    { name = "pybind11", specifier = ">=3.1.0" },
    { name = "pybind11-stubgen", specifier = ">=3.0.0" },
    { name = "setuptools", specifier = ">=84.0.0" },
]

[[package]]
name = "pybind11"
version = "3.1.0"
source = { registry = "https://pypi.org/simple" }
sdist = { url = "https://files.pythonhosted.org/packages/76/f3/95b0f40b31df41dbfe6bb0857419c9442c15839cbac4796f1c26ae0b6081/pybind11-3.1.0.tar.gz", hash = "sha256:a1cc06b524ab3edca51f8ad3895f9c4fa20b8b19283173dff4ae781449dc9639", size = 603746, upload-time = "2026-08-06T23:33:00.675Z" }
wheels = [
    { url = "https://files.pythonhosted.org/packages/33/fd/8762f7ee3e4e4be6d1d846cffb4916dd9bb02b2f800d3603718a0efe494c/pybind11-3.1.0-py3-none-any.whl", hash = "sha256:b8488090f8acffbcb6b5d6a85571a6827a0a2981ffb75e5a0b27b87c4a6b7dd0", size = 319402, upload-time = "2026-08-06T23:32:59.047Z" },
]

[[package]]
name = "pybind11-stubgen"
version = "3.0.0"
source = { registry = "https://pypi.org/simple" }
sdist = { url = "https://files.pythonhosted.org/packages/57/0a/c53a6d5300a2f9b7a11901a581e73bf81e00cce3053ce28b9b26e5cdd095/pybind11_stubgen-3.0.0.tar.gz", hash = "sha256:b0a908ae99204e201a5148c17dc3cb789021a339ab9dc1d0517a23a87490204c", size = 33753, upload-time = "2026-09-25T04:26:05.424Z" }
wheels = [
    { url = "https://files.pythonhosted.org/packages/ba/3b/16552e13615e8ee120338b2121642d5f0eeee7736e98f95c842d3cc83191/pybind11_stubgen-3.0.0-py3-none-any.whl", hash = "sha256:859b7b7dbd31d00f722f19152216b5506e8a5d3fdf586944de0cade80f972298", size = 39719, upload-time = "2026-09-25T04:26:03.926Z" },
]

[[package]]
name = "setuptools"
version = "84.0.0"
source = { registry = "https://pypi.org/simple" }
sdist = { url = "https://files.pythonhosted.org/packages/6d/44/f5da03a8ef95d369145c5bb53050e7877c9f3d312e128605fd9504829143/setuptools-84.0.0.tar.gz", hash = "sha256:f4695c21257f0d9b537ec2692c941d02ee143b7cc1276941349a546573b2ef73", size = 1168449, upload-time = "2026-08-08T18:27:58.365Z" }
wheels = [
    { url = "https://files.pythonhosted.org/packages/95/9c/c510029fc6ef33a6275cd2c5d3cecd6613dfd6aa401d57c54f1c18852ccf/setuptools-84.0.0-py3-none-any.whl", hash = "sha256:51a52592b3b99e102b609654876bd65f19f999935166d1352678931132b0c670", size = 818216, upload-time = "2026-08-08T18:27:56.719Z" },
]
